{
  "name": "alltest",
  "version": "1.0.0",
  "lockfileVersion": 3,
  "requires": true,
  "packages": {
    "": {
      "name": "alltest",
      "version": "1.0.0",
      "license": "ISC",
      "dependencies": {
        "@types/tampermonkey": "^5.0.3",
        "alltest": "file:"
      }
    },
    "node_modules/@types/tampermonkey": {
      "version": "5.0.3",
      "resolved": "https://registry.npmmirror.com/@types/tampermonkey/-/tampermonkey-5.0.3.tgz",
      "integrity": "sha512-i8+x8ipoib8xAfho25oNTbILgrO665oxq5tNr3LvH5DaW5UOPsc88Fe1mTVTDwsux5LYOcd8Syb6q+s95x878Q=="
    },
    "node_modules/alltest": {
      "resolved": "",
      "link": true
    }
  }
}
