lockfileVersion: '9.0'

settings:
  autoInstallPeers: true
  excludeLinksFromLockfile: false

importers:

  .:
    dependencies:
      '@types/tampermonkey':
        specifier: ^5.0.3
        version: 5.0.3

packages:

  '@types/tampermonkey@5.0.3':
    resolution: {integrity: sha512-i8+x8ipoib8xAfho25oNTbILgrO665oxq5tNr3LvH5DaW5UOPsc88Fe1mTVTDwsux5LYOcd8Syb6q+s95x878Q==}

snapshots:

  '@types/tampermonkey@5.0.3': {}
