lockfileVersion: '9.0'

settings:
  autoInstallPeers: true
  excludeLinksFromLockfile: false

importers:

  .:
    dependencies:
      '@types/tampermonkey':
        specifier: ^5.0.3
        version: 5.0.3
      tdesign-miniprogram:
        specifier: ^1.6.1
        version: 1.6.1

packages:

  '@types/tampermonkey@5.0.3':
    resolution: {integrity: sha512-i8+x8ipoib8xAfho25oNTbILgrO665oxq5tNr3LvH5DaW5UOPsc88Fe1mTVTDwsux5LYOcd8Syb6q+s95x878Q==}

  dayjs@1.11.13:
    resolution: {integrity: sha512-oaMBel6gjolK862uaPQOVTA7q3TZhuSvuMQAAglQDOWYO9A91IrAOUJEyKVlqJlHE0vq5p5UXxzdPfMH/x6xNg==}

  tdesign-miniprogram@1.6.1:
    resolution: {integrity: sha512-APgNNRupNaZrOnta3WWTyDjnlsyg3gDiJO6FdXo9n4I8cVozInXbhMrqZ+6eqdOVowveI8wCaGYhBAsGe7NHGA==}

snapshots:

  '@types/tampermonkey@5.0.3': {}

  dayjs@1.11.13: {}

  tdesign-miniprogram@1.6.1:
    dependencies:
      dayjs: 1.11.13
